{
  "originHash" : "ed5d595c01e721d4bd28af034df8e717364c7461818fa96c10ca1db92dc99fea",
  "pins" : [
    {
      "identity" : "alerttoast",
      "kind" : "remoteSourceControl",
      "location" : "https://github.com/elai950/AlertToast",
      "state" : {
        "revision" : "b39252eacd159904afd7d718bba0afabb87f2f2f",
        "version" : "1.3.9"
      }
    },
    {
      "identity" : "asyncbluetooth",
      "kind" : "remoteSourceControl",
      "location" : "https://github.com/manolofdez/AsyncBluetooth",
      "state" : {
        "revision" : "2bb6c48e886b4cb2bdf82074352ed60fe0515b35",
        "version" : "1.11.0"
      }
    },
    {
      "identity" : "reswift",
      "kind" : "remoteSourceControl",
      "location" : "https://github.com/ReSwift/ReSwift",
      "state" : {
        "revision" : "cb5c3c02f652420ef413dea41e13ac5a76b6c0fd",
        "version" : "6.1.1"
      }
    },
    {
      "identity" : "reswift-saga",
      "kind" : "remoteSourceControl",
      "location" : "https://github.com/mitsuharu/ReSwift-Saga",
      "state" : {
        "revision" : "2d60e2f5dec2d828b19c419eab3d72dd9330f501",
        "version" : "0.0.5"
      }
    }
  ],
  "version" : 3
}
