{
  "originHash" : "9625418bf5f8b5c60054c682c9226a4074a0ae6d6d4c09990122a6720487aee4",
  "pins" : [
    {
      "identity" : "alerttoast",
      "kind" : "remoteSourceControl",
      "location" : "https://github.com/elai950/AlertToast",
      "state" : {
        "revision" : "b39252eacd159904afd7d718bba0afabb87f2f2f",
        "version" : "1.3.9"
      }
    },
    {
      "identity" : "asyncbluetooth",
      "kind" : "remoteSourceControl",
      "location" : "https://github.com/manolofdez/AsyncBluetooth",
      "state" : {
        "revision" : "2bb6c48e886b4cb2bdf82074352ed60fe0515b35",
        "version" : "1.11.0"
      }
    },
    {
      "identity" : "bitmap",
      "kind" : "remoteSourceControl",
      "location" : "https://github.com/dagronf/Bitmap",
      "state" : {
        "revision" : "200c1b78945e531bc1aab3d447a02504a92795d7",
        "version" : "1.0.1"
      }
    },
    {
      "identity" : "reswift",
      "kind" : "remoteSourceControl",
      "location" : "https://github.com/ReSwift/ReSwift",
      "state" : {
        "revision" : "cb5c3c02f652420ef413dea41e13ac5a76b6c0fd",
        "version" : "6.1.1"
      }
    },
    {
      "identity" : "reswift-saga",
      "kind" : "remoteSourceControl",
      "location" : "https://github.com/mitsuharu/ReSwift-Saga",
      "state" : {
        "revision" : "2d60e2f5dec2d828b19c419eab3d72dd9330f501",
        "version" : "0.0.5"
      }
    },
    {
      "identity" : "swiftimagereadwrite",
      "kind" : "remoteSourceControl",
      "location" : "https://github.com/dagronf/SwiftImageReadWrite",
      "state" : {
        "revision" : "016a9cb842038e4078a91e506e35cef4f4ff76ff",
        "version" : "1.7.2"
      }
    }
  ],
  "version" : 3
}
